
Microsoft Visual Studio Solution File, Format Version 12.00
# Visual Studio Version 16
VisualStudioVersion = 16.0.30114.105
MinimumVisualStudioVersion = 10.0.40219.1
Project("{FAE04EC0-301F-11D3-BF4B-00C04F79EFBC}") = "R5T.Norwich.Base", "R5T.Norwich.Base\R5T.Norwich.Base.csproj", "{5CBE36C4-3821-4390-B4C8-F42919958E6F}"
EndProject
Project("{FAE04EC0-301F-11D3-BF4B-00C04F79EFBC}") = "R5T.Norwich.Base.Construction", "R5T.Norwich.Base.Construction\R5T.Norwich.Base.Construction.csproj", "{3B84CA32-FFA6-4364-85DF-381BAEB212E8}"
EndProject
Project("{2150E333-8FDC-42A3-9474-1A3956D46DE8}") = "_Dependencies", "_Dependencies", "{1A2AB37A-1946-4180-9A3E-720781B4A044}"
EndProject
Project("{FAE04EC0-301F-11D3-BF4B-00C04F79EFBC}") = "R5T.T0064", "..\..\R5T.T0064\source\R5T.T0064\R5T.T0064.csproj", "{7254E9D4-2ED8-4E10-BE7C-A38B84DB4225}"
EndProject
Global
	GlobalSection(SolutionConfigurationPlatforms) = preSolution
		Debug|Any CPU = Debug|Any CPU
		Debug|x64 = Debug|x64
		Debug|x86 = Debug|x86
		Release|Any CPU = Release|Any CPU
		Release|x64 = Release|x64
		Release|x86 = Release|x86
	EndGlobalSection
	GlobalSection(SolutionProperties) = preSolution
		HideSolutionNode = FALSE
	EndGlobalSection
	GlobalSection(ProjectConfigurationPlatforms) = postSolution
		{5CBE36C4-3821-4390-B4C8-F42919958E6F}.Debug|Any CPU.ActiveCfg = Debug|Any CPU
		{5CBE36C4-3821-4390-B4C8-F42919958E6F}.Debug|Any CPU.Build.0 = Debug|Any CPU
		{5CBE36C4-3821-4390-B4C8-F42919958E6F}.Debug|x64.ActiveCfg = Debug|Any CPU
		{5CBE36C4-3821-4390-B4C8-F42919958E6F}.Debug|x64.Build.0 = Debug|Any CPU
		{5CBE36C4-3821-4390-B4C8-F42919958E6F}.Debug|x86.ActiveCfg = Debug|Any CPU
		{5CBE36C4-3821-4390-B4C8-F42919958E6F}.Debug|x86.Build.0 = Debug|Any CPU
		{5CBE36C4-3821-4390-B4C8-F42919958E6F}.Release|Any CPU.ActiveCfg = Release|Any CPU
		{5CBE36C4-3821-4390-B4C8-F42919958E6F}.Release|Any CPU.Build.0 = Release|Any CPU
		{5CBE36C4-3821-4390-B4C8-F42919958E6F}.Release|x64.ActiveCfg = Release|Any CPU
		{5CBE36C4-3821-4390-B4C8-F42919958E6F}.Release|x64.Build.0 = Release|Any CPU
		{5CBE36C4-3821-4390-B4C8-F42919958E6F}.Release|x86.ActiveCfg = Release|Any CPU
		{5CBE36C4-3821-4390-B4C8-F42919958E6F}.Release|x86.Build.0 = Release|Any CPU
		{3B84CA32-FFA6-4364-85DF-381BAEB212E8}.Debug|Any CPU.ActiveCfg = Debug|Any CPU
		{3B84CA32-FFA6-4364-85DF-381BAEB212E8}.Debug|Any CPU.Build.0 = Debug|Any CPU
		{3B84CA32-FFA6-4364-85DF-381BAEB212E8}.Debug|x64.ActiveCfg = Debug|Any CPU
		{3B84CA32-FFA6-4364-85DF-381BAEB212E8}.Debug|x64.Build.0 = Debug|Any CPU
		{3B84CA32-FFA6-4364-85DF-381BAEB212E8}.Debug|x86.ActiveCfg = Debug|Any CPU
		{3B84CA32-FFA6-4364-85DF-381BAEB212E8}.Debug|x86.Build.0 = Debug|Any CPU
		{3B84CA32-FFA6-4364-85DF-381BAEB212E8}.Release|Any CPU.ActiveCfg = Release|Any CPU
		{3B84CA32-FFA6-4364-85DF-381BAEB212E8}.Release|Any CPU.Build.0 = Release|Any CPU
		{3B84CA32-FFA6-4364-85DF-381BAEB212E8}.Release|x64.ActiveCfg = Release|Any CPU
		{3B84CA32-FFA6-4364-85DF-381BAEB212E8}.Release|x64.Build.0 = Release|Any CPU
		{3B84CA32-FFA6-4364-85DF-381BAEB212E8}.Release|x86.ActiveCfg = Release|Any CPU
		{3B84CA32-FFA6-4364-85DF-381BAEB212E8}.Release|x86.Build.0 = Release|Any CPU
		{7254E9D4-2ED8-4E10-BE7C-A38B84DB4225}.Debug|Any CPU.ActiveCfg = Debug|Any CPU
		{7254E9D4-2ED8-4E10-BE7C-A38B84DB4225}.Debug|Any CPU.Build.0 = Debug|Any CPU
		{7254E9D4-2ED8-4E10-BE7C-A38B84DB4225}.Debug|x64.ActiveCfg = Debug|Any CPU
		{7254E9D4-2ED8-4E10-BE7C-A38B84DB4225}.Debug|x64.Build.0 = Debug|Any CPU
		{7254E9D4-2ED8-4E10-BE7C-A38B84DB4225}.Debug|x86.ActiveCfg = Debug|Any CPU
		{7254E9D4-2ED8-4E10-BE7C-A38B84DB4225}.Debug|x86.Build.0 = Debug|Any CPU
		{7254E9D4-2ED8-4E10-BE7C-A38B84DB4225}.Release|Any CPU.ActiveCfg = Release|Any CPU
		{7254E9D4-2ED8-4E10-BE7C-A38B84DB4225}.Release|Any CPU.Build.0 = Release|Any CPU
		{7254E9D4-2ED8-4E10-BE7C-A38B84DB4225}.Release|x64.ActiveCfg = Release|Any CPU
		{7254E9D4-2ED8-4E10-BE7C-A38B84DB4225}.Release|x64.Build.0 = Release|Any CPU
		{7254E9D4-2ED8-4E10-BE7C-A38B84DB4225}.Release|x86.ActiveCfg = Release|Any CPU
		{7254E9D4-2ED8-4E10-BE7C-A38B84DB4225}.Release|x86.Build.0 = Release|Any CPU
	EndGlobalSection
	GlobalSection(NestedProjects) = preSolution
		{7254E9D4-2ED8-4E10-BE7C-A38B84DB4225} = {1A2AB37A-1946-4180-9A3E-720781B4A044}
	EndGlobalSection
EndGlobal
